// !$*UTF8*$!
{
	archiveVersion = 1;
	classes = {
	};
	objectVersion = 50;
	objects = {

/* Begin PBXBuildFile section */
		282588FF24436A1D007000EC /* AppDelegate.swift in Sources */ = {isa = PBXBuildFile; fileRef = 282588FE24436A1D007000EC /* AppDelegate.swift */; };
		2825890124436A1D007000EC /* SceneDelegate.swift in Sources */ = {isa = PBXBuildFile; fileRef = 2825890024436A1D007000EC /* SceneDelegate.swift */; };
		2825890324436A1D007000EC /* AuthorizationViewController.swift in Sources */ = {isa = PBXBuildFile; fileRef = 2825890224436A1D007000EC /* AuthorizationViewController.swift */; };
		2825890824436A1E007000EC /* Assets.xcassets in Resources */ = {isa = PBXBuildFile; fileRef = 2825890724436A1E007000EC /* Assets.xcassets */; };
		2825890B24436A1E007000EC /* LaunchScreen.storyboard in Resources */ = {isa = PBXBuildFile; fileRef = 2825890924436A1E007000EC /* LaunchScreen.storyboard */; };
		283CB3CA2443A5DE0040246F /* UIButton+Extension.swift in Sources */ = {isa = PBXBuildFile; fileRef = 283CB3C92443A5DE0040246F /* UIButton+Extension.swift */; };
		283CB3CC2443A8C00040246F /* UIFont+Extension.swift in Sources */ = {isa = PBXBuildFile; fileRef = 283CB3CB2443A8C00040246F /* UIFont+Extension.swift */; };
		283CB3D02443A9740040246F /* FontsNames.swift in Sources */ = {isa = PBXBuildFile; fileRef = 283CB3CF2443A9740040246F /* FontsNames.swift */; };
		283CB3D22443A9960040246F /* SceneName.swift in Sources */ = {isa = PBXBuildFile; fileRef = 283CB3D12443A9960040246F /* SceneName.swift */; };
		283CB3D52443AA830040246F /* UIColor+Extension.swift in Sources */ = {isa = PBXBuildFile; fileRef = 283CB3D42443AA830040246F /* UIColor+Extension.swift */; };
		283CB3D72443AD300040246F /* ColorHexNames.swift in Sources */ = {isa = PBXBuildFile; fileRef = 283CB3D62443AD300040246F /* ColorHexNames.swift */; };
		283CB3D92443AFD00040246F /* ButtonsNames.swift in Sources */ = {isa = PBXBuildFile; fileRef = 283CB3D82443AFD00040246F /* ButtonsNames.swift */; };
		283CB3DB2443B0FE0040246F /* UILabel+Extension.swift in Sources */ = {isa = PBXBuildFile; fileRef = 283CB3DA2443B0FE0040246F /* UILabel+Extension.swift */; };
		283CB3DD2443B1AC0040246F /* LabelsNames.swift in Sources */ = {isa = PBXBuildFile; fileRef = 283CB3DC2443B1AC0040246F /* LabelsNames.swift */; };
		283CB3DF2443B2D30040246F /* UIImageView+Extension.swift in Sources */ = {isa = PBXBuildFile; fileRef = 283CB3DE2443B2D30040246F /* UIImageView+Extension.swift */; };
		283CB3E12443B4FE0040246F /* ImagesNames.swift in Sources */ = {isa = PBXBuildFile; fileRef = 283CB3E02443B4FE0040246F /* ImagesNames.swift */; };
		283F0B02245DED0200C90C61 /* UISegmentedControl+Extension.swift in Sources */ = {isa = PBXBuildFile; fileRef = 283F0B01245DED0200C90C61 /* UISegmentedControl+Extension.swift */; };
		283F0B04245DED7600C90C61 /* SegmentedControlsNames.swift in Sources */ = {isa = PBXBuildFile; fileRef = 283F0B03245DED7600C90C61 /* SegmentedControlsNames.swift */; };
		283F0B07245F056600C90C61 /* ListViewController.swift in Sources */ = {isa = PBXBuildFile; fileRef = 283F0B06245F056600C90C61 /* ListViewController.swift */; };
		283F0B09245F066300C90C61 /* CellsIdentifiers.swift in Sources */ = {isa = PBXBuildFile; fileRef = 283F0B08245F066300C90C61 /* CellsIdentifiers.swift */; };
		283F0B0B245F07FE00C90C61 /* MainTabBarController.swift in Sources */ = {isa = PBXBuildFile; fileRef = 283F0B0A245F07FE00C90C61 /* MainTabBarController.swift */; };
		283F0B0F245F0A5600C90C61 /* PeopleViewController.swift in Sources */ = {isa = PBXBuildFile; fileRef = 283F0B0E245F0A5600C90C61 /* PeopleViewController.swift */; };
		283F0B11245F0B5600C90C61 /* ViewControllersTitles.swift in Sources */ = {isa = PBXBuildFile; fileRef = 283F0B10245F0B5600C90C61 /* ViewControllersTitles.swift */; };
		283F0B152461709700C90C61 /* MChat.swift in Sources */ = {isa = PBXBuildFile; fileRef = 283F0B142461709700C90C61 /* MChat.swift */; };
		283F0B17246170B400C90C61 /* Section.swift in Sources */ = {isa = PBXBuildFile; fileRef = 283F0B16246170B400C90C61 /* Section.swift */; };
		283F0B4A2469608000C90C61 /* activeChats.json in Resources */ = {isa = PBXBuildFile; fileRef = 283F0B482469608000C90C61 /* activeChats.json */; };
		283F0B4B2469608000C90C61 /* waitingChats.json in Resources */ = {isa = PBXBuildFile; fileRef = 283F0B492469608000C90C61 /* waitingChats.json */; };
		283F0B4E2469613F00C90C61 /* Bundle+Extension.swift in Sources */ = {isa = PBXBuildFile; fileRef = 283F0B4D2469613F00C90C61 /* Bundle+Extension.swift */; };
		284E3FAA24463C2A00E2D3AD /* ButtonFormView.swift in Sources */ = {isa = PBXBuildFile; fileRef = 284E3FA924463C2A00E2D3AD /* ButtonFormView.swift */; };
		284E3FAC24463FF000E2D3AD /* UIStackView+Extension.swift in Sources */ = {isa = PBXBuildFile; fileRef = 284E3FAB24463FF000E2D3AD /* UIStackView+Extension.swift */; };
		2857CB0B246B358E004D18A2 /* ActiveChatCell.swift in Sources */ = {isa = PBXBuildFile; fileRef = 2857CB0A246B358E004D18A2 /* ActiveChatCell.swift */; };
		2857CB0D246B3DA4004D18A2 /* JsonsNames.swift in Sources */ = {isa = PBXBuildFile; fileRef = 2857CB0C246B3DA4004D18A2 /* JsonsNames.swift */; };
		2857CB12246B3EA9004D18A2 /* SelfConfiguringCell.swift in Sources */ = {isa = PBXBuildFile; fileRef = 2857CB11246B3EA9004D18A2 /* SelfConfiguringCell.swift */; };
		2857CC85247A838B004D18A2 /* GradientView.swift in Sources */ = {isa = PBXBuildFile; fileRef = 2857CC84247A838B004D18A2 /* GradientView.swift */; };
		2857CC87247A97FD004D18A2 /* WaitingChatCell.swift in Sources */ = {isa = PBXBuildFile; fileRef = 2857CC86247A97FD004D18A2 /* WaitingChatCell.swift */; };
		288EDD7D244CB77300A7BAAD /* SignUpViewController.swift in Sources */ = {isa = PBXBuildFile; fileRef = 288EDD7C244CB77300A7BAAD /* SignUpViewController.swift */; };
		288EDD81244CBD4300A7BAAD /* OneLineTextField.swift in Sources */ = {isa = PBXBuildFile; fileRef = 288EDD80244CBD4300A7BAAD /* OneLineTextField.swift */; };
		28B013952454C5B60026E123 /* SetupProfileViewController.swift in Sources */ = {isa = PBXBuildFile; fileRef = 28B013942454C5B60026E123 /* SetupProfileViewController.swift */; };
		28B013982454C9050026E123 /* AddPhotoView.swift in Sources */ = {isa = PBXBuildFile; fileRef = 28B013972454C9050026E123 /* AddPhotoView.swift */; };
		28FB434C2454B64400F2BD2A /* LoginViewController.swift in Sources */ = {isa = PBXBuildFile; fileRef = 28FB434B2454B64400F2BD2A /* LoginViewController.swift */; };
/* End PBXBuildFile section */

/* Begin PBXFileReference section */
		282588FB24436A1D007000EC /* iChat.app */ = {isa = PBXFileReference; explicitFileType = wrapper.application; includeInIndex = 0; path = iChat.app; sourceTree = BUILT_PRODUCTS_DIR; };
		282588FE24436A1D007000EC /* AppDelegate.swift */ = {isa = PBXFileReference; lastKnownFileType = sourcecode.swift; path = AppDelegate.swift; sourceTree = "<group>"; };
		2825890024436A1D007000EC /* SceneDelegate.swift */ = {isa = PBXFileReference; lastKnownFileType = sourcecode.swift; path = SceneDelegate.swift; sourceTree = "<group>"; };
		2825890224436A1D007000EC /* AuthorizationViewController.swift */ = {isa = PBXFileReference; lastKnownFileType = sourcecode.swift; path = AuthorizationViewController.swift; sourceTree = "<group>"; };
		2825890724436A1E007000EC /* Assets.xcassets */ = {isa = PBXFileReference; lastKnownFileType = folder.assetcatalog; path = Assets.xcassets; sourceTree = "<group>"; };
		2825890A24436A1E007000EC /* Base */ = {isa = PBXFileReference; lastKnownFileType = file.storyboard; name = Base; path = Base.lproj/LaunchScreen.storyboard; sourceTree = "<group>"; };
		2825890C24436A1E007000EC /* Info.plist */ = {isa = PBXFileReference; lastKnownFileType = text.plist.xml; path = Info.plist; sourceTree = "<group>"; };
		283CB3C92443A5DE0040246F /* UIButton+Extension.swift */ = {isa = PBXFileReference; lastKnownFileType = sourcecode.swift; path = "UIButton+Extension.swift"; sourceTree = "<group>"; };
		283CB3CB2443A8C00040246F /* UIFont+Extension.swift */ = {isa = PBXFileReference; lastKnownFileType = sourcecode.swift; path = "UIFont+Extension.swift"; sourceTree = "<group>"; };
		283CB3CF2443A9740040246F /* FontsNames.swift */ = {isa = PBXFileReference; lastKnownFileType = sourcecode.swift; path = FontsNames.swift; sourceTree = "<group>"; };
		283CB3D12443A9960040246F /* SceneName.swift */ = {isa = PBXFileReference; lastKnownFileType = sourcecode.swift; path = SceneName.swift; sourceTree = "<group>"; };
		283CB3D42443AA830040246F /* UIColor+Extension.swift */ = {isa = PBXFileReference; lastKnownFileType = sourcecode.swift; path = "UIColor+Extension.swift"; sourceTree = "<group>"; };
		283CB3D62443AD300040246F /* ColorHexNames.swift */ = {isa = PBXFileReference; lastKnownFileType = sourcecode.swift; path = ColorHexNames.swift; sourceTree = "<group>"; };
		283CB3D82443AFD00040246F /* ButtonsNames.swift */ = {isa = PBXFileReference; lastKnownFileType = sourcecode.swift; path = ButtonsNames.swift; sourceTree = "<group>"; };
		283CB3DA2443B0FE0040246F /* UILabel+Extension.swift */ = {isa = PBXFileReference; lastKnownFileType = sourcecode.swift; path = "UILabel+Extension.swift"; sourceTree = "<group>"; };
		283CB3DC2443B1AC0040246F /* LabelsNames.swift */ = {isa = PBXFileReference; lastKnownFileType = sourcecode.swift; path = LabelsNames.swift; sourceTree = "<group>"; };
		283CB3DE2443B2D30040246F /* UIImageView+Extension.swift */ = {isa = PBXFileReference; lastKnownFileType = sourcecode.swift; path = "UIImageView+Extension.swift"; sourceTree = "<group>"; };
		283CB3E02443B4FE0040246F /* ImagesNames.swift */ = {isa = PBXFileReference; lastKnownFileType = sourcecode.swift; path = ImagesNames.swift; sourceTree = "<group>"; };
		283F0B01245DED0200C90C61 /* UISegmentedControl+Extension.swift */ = {isa = PBXFileReference; lastKnownFileType = sourcecode.swift; path = "UISegmentedControl+Extension.swift"; sourceTree = "<group>"; };
		283F0B03245DED7600C90C61 /* SegmentedControlsNames.swift */ = {isa = PBXFileReference; lastKnownFileType = sourcecode.swift; path = SegmentedControlsNames.swift; sourceTree = "<group>"; };
		283F0B06245F056600C90C61 /* ListViewController.swift */ = {isa = PBXFileReference; lastKnownFileType = sourcecode.swift; path = ListViewController.swift; sourceTree = "<group>"; };
		283F0B08245F066300C90C61 /* CellsIdentifiers.swift */ = {isa = PBXFileReference; lastKnownFileType = sourcecode.swift; path = CellsIdentifiers.swift; sourceTree = "<group>"; };
		283F0B0A245F07FE00C90C61 /* MainTabBarController.swift */ = {isa = PBXFileReference; lastKnownFileType = sourcecode.swift; path = MainTabBarController.swift; sourceTree = "<group>"; };
		283F0B0E245F0A5600C90C61 /* PeopleViewController.swift */ = {isa = PBXFileReference; lastKnownFileType = sourcecode.swift; path = PeopleViewController.swift; sourceTree = "<group>"; };
		283F0B10245F0B5600C90C61 /* ViewControllersTitles.swift */ = {isa = PBXFileReference; lastKnownFileType = sourcecode.swift; path = ViewControllersTitles.swift; sourceTree = "<group>"; };
		283F0B142461709700C90C61 /* MChat.swift */ = {isa = PBXFileReference; lastKnownFileType = sourcecode.swift; path = MChat.swift; sourceTree = "<group>"; };
		283F0B16246170B400C90C61 /* Section.swift */ = {isa = PBXFileReference; lastKnownFileType = sourcecode.swift; path = Section.swift; sourceTree = "<group>"; };
		283F0B482469608000C90C61 /* activeChats.json */ = {isa = PBXFileReference; fileEncoding = 4; lastKnownFileType = text.json; path = activeChats.json; sourceTree = "<group>"; };
		283F0B492469608000C90C61 /* waitingChats.json */ = {isa = PBXFileReference; fileEncoding = 4; lastKnownFileType = text.json; path = waitingChats.json; sourceTree = "<group>"; };
		283F0B4D2469613F00C90C61 /* Bundle+Extension.swift */ = {isa = PBXFileReference; lastKnownFileType = sourcecode.swift; path = "Bundle+Extension.swift"; sourceTree = "<group>"; };
		284E3FA924463C2A00E2D3AD /* ButtonFormView.swift */ = {isa = PBXFileReference; lastKnownFileType = sourcecode.swift; path = ButtonFormView.swift; sourceTree = "<group>"; };
		284E3FAB24463FF000E2D3AD /* UIStackView+Extension.swift */ = {isa = PBXFileReference; lastKnownFileType = sourcecode.swift; path = "UIStackView+Extension.swift"; sourceTree = "<group>"; };
		2857CB0A246B358E004D18A2 /* ActiveChatCell.swift */ = {isa = PBXFileReference; lastKnownFileType = sourcecode.swift; path = ActiveChatCell.swift; sourceTree = "<group>"; };
		2857CB0C246B3DA4004D18A2 /* JsonsNames.swift */ = {isa = PBXFileReference; lastKnownFileType = sourcecode.swift; path = JsonsNames.swift; sourceTree = "<group>"; };
		2857CB11246B3EA9004D18A2 /* SelfConfiguringCell.swift */ = {isa = PBXFileReference; lastKnownFileType = sourcecode.swift; path = SelfConfiguringCell.swift; sourceTree = "<group>"; };
		2857CC84247A838B004D18A2 /* GradientView.swift */ = {isa = PBXFileReference; lastKnownFileType = sourcecode.swift; path = GradientView.swift; sourceTree = "<group>"; };
		2857CC86247A97FD004D18A2 /* WaitingChatCell.swift */ = {isa = PBXFileReference; lastKnownFileType = sourcecode.swift; path = WaitingChatCell.swift; sourceTree = "<group>"; };
		288EDD7C244CB77300A7BAAD /* SignUpViewController.swift */ = {isa = PBXFileReference; lastKnownFileType = sourcecode.swift; path = SignUpViewController.swift; sourceTree = "<group>"; };
		288EDD80244CBD4300A7BAAD /* OneLineTextField.swift */ = {isa = PBXFileReference; lastKnownFileType = sourcecode.swift; path = OneLineTextField.swift; sourceTree = "<group>"; };
		28B013942454C5B60026E123 /* SetupProfileViewController.swift */ = {isa = PBXFileReference; lastKnownFileType = sourcecode.swift; path = SetupProfileViewController.swift; sourceTree = "<group>"; };
		28B013972454C9050026E123 /* AddPhotoView.swift */ = {isa = PBXFileReference; lastKnownFileType = sourcecode.swift; path = AddPhotoView.swift; sourceTree = "<group>"; };
		28FB434B2454B64400F2BD2A /* LoginViewController.swift */ = {isa = PBXFileReference; lastKnownFileType = sourcecode.swift; path = LoginViewController.swift; sourceTree = "<group>"; };
/* End PBXFileReference section */

/* Begin PBXFrameworksBuildPhase section */
		282588F824436A1D007000EC /* Frameworks */ = {
			isa = PBXFrameworksBuildPhase;
			buildActionMask = 2147483647;
			files = (
			);
			runOnlyForDeploymentPostprocessing = 0;
		};
/* End PBXFrameworksBuildPhase section */

/* Begin PBXGroup section */
		282588F224436A1D007000EC = {
			isa = PBXGroup;
			children = (
				282588FD24436A1D007000EC /* iChat */,
				282588FC24436A1D007000EC /* Products */,
			);
			sourceTree = "<group>";
		};
		282588FC24436A1D007000EC /* Products */ = {
			isa = PBXGroup;
			children = (
				282588FB24436A1D007000EC /* iChat.app */,
			);
			name = Products;
			sourceTree = "<group>";
		};
		282588FD24436A1D007000EC /* iChat */ = {
			isa = PBXGroup;
			children = (
				284E3FB02446447800E2D3AD /* Delegates */,
				288EDD79244CB4A200A7BAAD /* LaunchScreen */,
				284E3FAD2446440600E2D3AD /* Authorization */,
				288EDD7B244CB75700A7BAAD /* SignUp */,
				28FB434A2454B62700F2BD2A /* Login */,
				28B013922454C5720026E123 /* SetupProfile */,
				283F0B0C245F080500C90C61 /* MainTabBar */,
				283F0B05245F055000C90C61 /* List */,
				283F0B0D245F0A4600C90C61 /* People */,
				288EDD7A244CB5DF00A7BAAD /* Plist */,
				288EDD78244CB48100A7BAAD /* Assets */,
				283CB3CD2443A95D0040246F /* Helpers */,
				283CB3D32443AA5B0040246F /* Extensions */,
			);
			path = iChat;
			sourceTree = "<group>";
		};
		283CB3CD2443A95D0040246F /* Helpers */ = {
			isa = PBXGroup;
			children = (
				283F0B4C2469608400C90C61 /* Jsons */,
				283CB3CE2443A9660040246F /* Names */,
			);
			path = Helpers;
			sourceTree = "<group>";
		};
		283CB3CE2443A9660040246F /* Names */ = {
			isa = PBXGroup;
			children = (
				283CB3CF2443A9740040246F /* FontsNames.swift */,
				283CB3D12443A9960040246F /* SceneName.swift */,
				283CB3D62443AD300040246F /* ColorHexNames.swift */,
				283CB3D82443AFD00040246F /* ButtonsNames.swift */,
				283CB3DC2443B1AC0040246F /* LabelsNames.swift */,
				283CB3E02443B4FE0040246F /* ImagesNames.swift */,
				283F0B03245DED7600C90C61 /* SegmentedControlsNames.swift */,
				283F0B08245F066300C90C61 /* CellsIdentifiers.swift */,
				283F0B10245F0B5600C90C61 /* ViewControllersTitles.swift */,
				2857CB0C246B3DA4004D18A2 /* JsonsNames.swift */,
			);
			path = Names;
			sourceTree = "<group>";
		};
		283CB3D32443AA5B0040246F /* Extensions */ = {
			isa = PBXGroup;
			children = (
				283CB3CB2443A8C00040246F /* UIFont+Extension.swift */,
				283CB3C92443A5DE0040246F /* UIButton+Extension.swift */,
				283CB3D42443AA830040246F /* UIColor+Extension.swift */,
				283CB3DA2443B0FE0040246F /* UILabel+Extension.swift */,
				283CB3DE2443B2D30040246F /* UIImageView+Extension.swift */,
				284E3FAB24463FF000E2D3AD /* UIStackView+Extension.swift */,
				283F0B01245DED0200C90C61 /* UISegmentedControl+Extension.swift */,
				283F0B4D2469613F00C90C61 /* Bundle+Extension.swift */,
			);
			path = Extensions;
			sourceTree = "<group>";
		};
		283F0B05245F055000C90C61 /* List */ = {
			isa = PBXGroup;
			children = (
				283F0B132461708B00C90C61 /* Model */,
				2857CB0F246B3E74004D18A2 /* View */,
				283F0B122461708300C90C61 /* Controller */,
			);
			path = List;
			sourceTree = "<group>";
		};
		283F0B0C245F080500C90C61 /* MainTabBar */ = {
			isa = PBXGroup;
			children = (
				283F0B0A245F07FE00C90C61 /* MainTabBarController.swift */,
			);
			path = MainTabBar;
			sourceTree = "<group>";
		};
		283F0B0D245F0A4600C90C61 /* People */ = {
			isa = PBXGroup;
			children = (
				283F0B0E245F0A5600C90C61 /* PeopleViewController.swift */,
			);
			path = People;
			sourceTree = "<group>";
		};
		283F0B122461708300C90C61 /* Controller */ = {
			isa = PBXGroup;
			children = (
				283F0B06245F056600C90C61 /* ListViewController.swift */,
			);
			path = Controller;
			sourceTree = "<group>";
		};
		283F0B132461708B00C90C61 /* Model */ = {
			isa = PBXGroup;
			children = (
				283F0B142461709700C90C61 /* MChat.swift */,
				283F0B16246170B400C90C61 /* Section.swift */,
			);
			path = Model;
			sourceTree = "<group>";
		};
		283F0B4C2469608400C90C61 /* Jsons */ = {
			isa = PBXGroup;
			children = (
				283F0B482469608000C90C61 /* activeChats.json */,
				283F0B492469608000C90C61 /* waitingChats.json */,
			);
			path = Jsons;
			sourceTree = "<group>";
		};
		284E3FAD2446440600E2D3AD /* Authorization */ = {
			isa = PBXGroup;
			children = (
				284E3FAE2446441B00E2D3AD /* View */,
				284E3FAF2446442600E2D3AD /* Controller */,
			);
			path = Authorization;
			sourceTree = "<group>";
		};
		284E3FAE2446441B00E2D3AD /* View */ = {
			isa = PBXGroup;
			children = (
				284E3FA924463C2A00E2D3AD /* ButtonFormView.swift */,
			);
			path = View;
			sourceTree = "<group>";
		};
		284E3FAF2446442600E2D3AD /* Controller */ = {
			isa = PBXGroup;
			children = (
				2825890224436A1D007000EC /* AuthorizationViewController.swift */,
			);
			path = Controller;
			sourceTree = "<group>";
		};
		284E3FB02446447800E2D3AD /* Delegates */ = {
			isa = PBXGroup;
			children = (
				282588FE24436A1D007000EC /* AppDelegate.swift */,
				2825890024436A1D007000EC /* SceneDelegate.swift */,
			);
			path = Delegates;
			sourceTree = "<group>";
		};
		2857CB0E246B3E64004D18A2 /* Cells */ = {
			isa = PBXGroup;
			children = (
				2857CB10246B3E94004D18A2 /* Protocol */,
				2857CC86247A97FD004D18A2 /* WaitingChatCell.swift */,
				2857CB0A246B358E004D18A2 /* ActiveChatCell.swift */,
			);
			path = Cells;
			sourceTree = "<group>";
		};
		2857CB0F246B3E74004D18A2 /* View */ = {
			isa = PBXGroup;
			children = (
				2857CB0E246B3E64004D18A2 /* Cells */,
				2857CC84247A838B004D18A2 /* GradientView.swift */,
			);
			path = View;
			sourceTree = "<group>";
		};
		2857CB10246B3E94004D18A2 /* Protocol */ = {
			isa = PBXGroup;
			children = (
				2857CB11246B3EA9004D18A2 /* SelfConfiguringCell.swift */,
			);
			path = Protocol;
			sourceTree = "<group>";
		};
		288EDD78244CB48100A7BAAD /* Assets */ = {
			isa = PBXGroup;
			children = (
				2825890724436A1E007000EC /* Assets.xcassets */,
			);
			path = Assets;
			sourceTree = "<group>";
		};
		288EDD79244CB4A200A7BAAD /* LaunchScreen */ = {
			isa = PBXGroup;
			children = (
				2825890924436A1E007000EC /* LaunchScreen.storyboard */,
			);
			path = LaunchScreen;
			sourceTree = "<group>";
		};
		288EDD7A244CB5DF00A7BAAD /* Plist */ = {
			isa = PBXGroup;
			children = (
				2825890C24436A1E007000EC /* Info.plist */,
			);
			path = Plist;
			sourceTree = "<group>";
		};
		288EDD7B244CB75700A7BAAD /* SignUp */ = {
			isa = PBXGroup;
			children = (
				288EDD7F244CBD2D00A7BAAD /* View */,
				288EDD7E244CBD2600A7BAAD /* Controller */,
			);
			path = SignUp;
			sourceTree = "<group>";
		};
		288EDD7E244CBD2600A7BAAD /* Controller */ = {
			isa = PBXGroup;
			children = (
				288EDD7C244CB77300A7BAAD /* SignUpViewController.swift */,
			);
			path = Controller;
			sourceTree = "<group>";
		};
		288EDD7F244CBD2D00A7BAAD /* View */ = {
			isa = PBXGroup;
			children = (
				288EDD80244CBD4300A7BAAD /* OneLineTextField.swift */,
			);
			path = View;
			sourceTree = "<group>";
		};
		28B013922454C5720026E123 /* SetupProfile */ = {
			isa = PBXGroup;
			children = (
				28B013962454C8FA0026E123 /* View */,
				28B013932454C5A00026E123 /* Controller */,
			);
			path = SetupProfile;
			sourceTree = "<group>";
		};
		28B013932454C5A00026E123 /* Controller */ = {
			isa = PBXGroup;
			children = (
				28B013942454C5B60026E123 /* SetupProfileViewController.swift */,
			);
			path = Controller;
			sourceTree = "<group>";
		};
		28B013962454C8FA0026E123 /* View */ = {
			isa = PBXGroup;
			children = (
				28B013972454C9050026E123 /* AddPhotoView.swift */,
			);
			path = View;
			sourceTree = "<group>";
		};
		28FB434A2454B62700F2BD2A /* Login */ = {
			isa = PBXGroup;
			children = (
				28FB434D2454B64E00F2BD2A /* Controller */,
			);
			path = Login;
			sourceTree = "<group>";
		};
		28FB434D2454B64E00F2BD2A /* Controller */ = {
			isa = PBXGroup;
			children = (
				28FB434B2454B64400F2BD2A /* LoginViewController.swift */,
			);
			path = Controller;
			sourceTree = "<group>";
		};
/* End PBXGroup section */

/* Begin PBXNativeTarget section */
		282588FA24436A1D007000EC /* iChat */ = {
			isa = PBXNativeTarget;
			buildConfigurationList = 2825890F24436A1E007000EC /* Build configuration list for PBXNativeTarget "iChat" */;
			buildPhases = (
				282588F724436A1D007000EC /* Sources */,
				282588F824436A1D007000EC /* Frameworks */,
				282588F924436A1D007000EC /* Resources */,
			);
			buildRules = (
			);
			dependencies = (
			);
			name = iChat;
			productName = iChat;
			productReference = 282588FB24436A1D007000EC /* iChat.app */;
			productType = "com.apple.product-type.application";
		};
/* End PBXNativeTarget section */

/* Begin PBXProject section */
		282588F324436A1D007000EC /* Project object */ = {
			isa = PBXProject;
			attributes = {
				LastSwiftUpdateCheck = 1130;
				LastUpgradeCheck = 1130;
				ORGANIZATIONNAME = "Shamil Akhmadullin";
				TargetAttributes = {
					282588FA24436A1D007000EC = {
						CreatedOnToolsVersion = 11.3.1;
					};
				};
			};
			buildConfigurationList = 282588F624436A1D007000EC /* Build configuration list for PBXProject "iChat" */;
			compatibilityVersion = "Xcode 9.3";
			developmentRegion = en;
			hasScannedForEncodings = 0;
			knownRegions = (
				en,
				Base,
			);
			mainGroup = 282588F224436A1D007000EC;
			productRefGroup = 282588FC24436A1D007000EC /* Products */;
			projectDirPath = "";
			projectRoot = "";
			targets = (
				282588FA24436A1D007000EC /* iChat */,
			);
		};
/* End PBXProject section */

/* Begin PBXResourcesBuildPhase section */
		282588F924436A1D007000EC /* Resources */ = {
			isa = PBXResourcesBuildPhase;
			buildActionMask = 2147483647;
			files = (
				2825890B24436A1E007000EC /* LaunchScreen.storyboard in Resources */,
				283F0B4A2469608000C90C61 /* activeChats.json in Resources */,
				2825890824436A1E007000EC /* Assets.xcassets in Resources */,
				283F0B4B2469608000C90C61 /* waitingChats.json in Resources */,
			);
			runOnlyForDeploymentPostprocessing = 0;
		};
/* End PBXResourcesBuildPhase section */

/* Begin PBXSourcesBuildPhase section */
		282588F724436A1D007000EC /* Sources */ = {
			isa = PBXSourcesBuildPhase;
			buildActionMask = 2147483647;
			files = (
				283F0B04245DED7600C90C61 /* SegmentedControlsNames.swift in Sources */,
				2857CB0D246B3DA4004D18A2 /* JsonsNames.swift in Sources */,
				283CB3DB2443B0FE0040246F /* UILabel+Extension.swift in Sources */,
				2825890324436A1D007000EC /* AuthorizationViewController.swift in Sources */,
				283CB3DF2443B2D30040246F /* UIImageView+Extension.swift in Sources */,
				283CB3CA2443A5DE0040246F /* UIButton+Extension.swift in Sources */,
				28FB434C2454B64400F2BD2A /* LoginViewController.swift in Sources */,
				283CB3E12443B4FE0040246F /* ImagesNames.swift in Sources */,
				288EDD7D244CB77300A7BAAD /* SignUpViewController.swift in Sources */,
				2857CB12246B3EA9004D18A2 /* SelfConfiguringCell.swift in Sources */,
				282588FF24436A1D007000EC /* AppDelegate.swift in Sources */,
				28B013952454C5B60026E123 /* SetupProfileViewController.swift in Sources */,
				284E3FAA24463C2A00E2D3AD /* ButtonFormView.swift in Sources */,
				2857CB0B246B358E004D18A2 /* ActiveChatCell.swift in Sources */,
				283F0B02245DED0200C90C61 /* UISegmentedControl+Extension.swift in Sources */,
				283CB3D52443AA830040246F /* UIColor+Extension.swift in Sources */,
				283CB3D22443A9960040246F /* SceneName.swift in Sources */,
				283F0B07245F056600C90C61 /* ListViewController.swift in Sources */,
				283F0B17246170B400C90C61 /* Section.swift in Sources */,
				2857CC87247A97FD004D18A2 /* WaitingChatCell.swift in Sources */,
				283CB3CC2443A8C00040246F /* UIFont+Extension.swift in Sources */,
				283CB3DD2443B1AC0040246F /* LabelsNames.swift in Sources */,
				283F0B152461709700C90C61 /* MChat.swift in Sources */,
				288EDD81244CBD4300A7BAAD /* OneLineTextField.swift in Sources */,
				283CB3D72443AD300040246F /* ColorHexNames.swift in Sources */,
				283F0B4E2469613F00C90C61 /* Bundle+Extension.swift in Sources */,
				28B013982454C9050026E123 /* AddPhotoView.swift in Sources */,
				283F0B0B245F07FE00C90C61 /* MainTabBarController.swift in Sources */,
				283F0B09245F066300C90C61 /* CellsIdentifiers.swift in Sources */,
				2825890124436A1D007000EC /* SceneDelegate.swift in Sources */,
				283F0B0F245F0A5600C90C61 /* PeopleViewController.swift in Sources */,
				284E3FAC24463FF000E2D3AD /* UIStackView+Extension.swift in Sources */,
				283F0B11245F0B5600C90C61 /* ViewControllersTitles.swift in Sources */,
				2857CC85247A838B004D18A2 /* GradientView.swift in Sources */,
				283CB3D92443AFD00040246F /* ButtonsNames.swift in Sources */,
				283CB3D02443A9740040246F /* FontsNames.swift in Sources */,
			);
			runOnlyForDeploymentPostprocessing = 0;
		};
/* End PBXSourcesBuildPhase section */

/* Begin PBXVariantGroup section */
		2825890924436A1E007000EC /* LaunchScreen.storyboard */ = {
			isa = PBXVariantGroup;
			children = (
				2825890A24436A1E007000EC /* Base */,
			);
			name = LaunchScreen.storyboard;
			sourceTree = "<group>";
		};
/* End PBXVariantGroup section */

/* Begin XCBuildConfiguration section */
		2825890D24436A1E007000EC /* Debug */ = {
			isa = XCBuildConfiguration;
			buildSettings = {
				ALWAYS_SEARCH_USER_PATHS = NO;
				CLANG_ANALYZER_NONNULL = YES;
				CLANG_ANALYZER_NUMBER_OBJECT_CONVERSION = YES_AGGRESSIVE;
				CLANG_CXX_LANGUAGE_STANDARD = "gnu++14";
				CLANG_CXX_LIBRARY = "libc++";
				CLANG_ENABLE_MODULES = YES;
				CLANG_ENABLE_OBJC_ARC = YES;
				CLANG_ENABLE_OBJC_WEAK = YES;
				CLANG_WARN_BLOCK_CAPTURE_AUTORELEASING = YES;
				CLANG_WARN_BOOL_CONVERSION = YES;
				CLANG_WARN_COMMA = YES;
				CLANG_WARN_CONSTANT_CONVERSION = YES;
				CLANG_WARN_DEPRECATED_OBJC_IMPLEMENTATIONS = YES;
				CLANG_WARN_DIRECT_OBJC_ISA_USAGE = YES_ERROR;
				CLANG_WARN_DOCUMENTATION_COMMENTS = YES;
				CLANG_WARN_EMPTY_BODY = YES;
				CLANG_WARN_ENUM_CONVERSION = YES;
				CLANG_WARN_INFINITE_RECURSION = YES;
				CLANG_WARN_INT_CONVERSION = YES;
				CLANG_WARN_NON_LITERAL_NULL_CONVERSION = YES;
				CLANG_WARN_OBJC_IMPLICIT_RETAIN_SELF = YES;
				CLANG_WARN_OBJC_LITERAL_CONVERSION = YES;
				CLANG_WARN_OBJC_ROOT_CLASS = YES_ERROR;
				CLANG_WARN_RANGE_LOOP_ANALYSIS = YES;
				CLANG_WARN_STRICT_PROTOTYPES = YES;
				CLANG_WARN_SUSPICIOUS_MOVE = YES;
				CLANG_WARN_UNGUARDED_AVAILABILITY = YES_AGGRESSIVE;
				CLANG_WARN_UNREACHABLE_CODE = YES;
				CLANG_WARN__DUPLICATE_METHOD_MATCH = YES;
				COPY_PHASE_STRIP = NO;
				DEBUG_INFORMATION_FORMAT = dwarf;
				ENABLE_STRICT_OBJC_MSGSEND = YES;
				ENABLE_TESTABILITY = YES;
				GCC_C_LANGUAGE_STANDARD = gnu11;
				GCC_DYNAMIC_NO_PIC = NO;
				GCC_NO_COMMON_BLOCKS = YES;
				GCC_OPTIMIZATION_LEVEL = 0;
				GCC_PREPROCESSOR_DEFINITIONS = (
					"DEBUG=1",
					"$(inherited)",
				);
				GCC_WARN_64_TO_32_BIT_CONVERSION = YES;
				GCC_WARN_ABOUT_RETURN_TYPE = YES_ERROR;
				GCC_WARN_UNDECLARED_SELECTOR = YES;
				GCC_WARN_UNINITIALIZED_AUTOS = YES_AGGRESSIVE;
				GCC_WARN_UNUSED_FUNCTION = YES;
				GCC_WARN_UNUSED_VARIABLE = YES;
				IPHONEOS_DEPLOYMENT_TARGET = 13.2;
				MTL_ENABLE_DEBUG_INFO = INCLUDE_SOURCE;
				MTL_FAST_MATH = YES;
				ONLY_ACTIVE_ARCH = YES;
				SDKROOT = iphoneos;
				SWIFT_ACTIVE_COMPILATION_CONDITIONS = DEBUG;
				SWIFT_OPTIMIZATION_LEVEL = "-Onone";
			};
			name = Debug;
		};
		2825890E24436A1E007000EC /* Release */ = {
			isa = XCBuildConfiguration;
			buildSettings = {
				ALWAYS_SEARCH_USER_PATHS = NO;
				CLANG_ANALYZER_NONNULL = YES;
				CLANG_ANALYZER_NUMBER_OBJECT_CONVERSION = YES_AGGRESSIVE;
				CLANG_CXX_LANGUAGE_STANDARD = "gnu++14";
				CLANG_CXX_LIBRARY = "libc++";
				CLANG_ENABLE_MODULES = YES;
				CLANG_ENABLE_OBJC_ARC = YES;
				CLANG_ENABLE_OBJC_WEAK = YES;
				CLANG_WARN_BLOCK_CAPTURE_AUTORELEASING = YES;
				CLANG_WARN_BOOL_CONVERSION = YES;
				CLANG_WARN_COMMA = YES;
				CLANG_WARN_CONSTANT_CONVERSION = YES;
				CLANG_WARN_DEPRECATED_OBJC_IMPLEMENTATIONS = YES;
				CLANG_WARN_DIRECT_OBJC_ISA_USAGE = YES_ERROR;
				CLANG_WARN_DOCUMENTATION_COMMENTS = YES;
				CLANG_WARN_EMPTY_BODY = YES;
				CLANG_WARN_ENUM_CONVERSION = YES;
				CLANG_WARN_INFINITE_RECURSION = YES;
				CLANG_WARN_INT_CONVERSION = YES;
				CLANG_WARN_NON_LITERAL_NULL_CONVERSION = YES;
				CLANG_WARN_OBJC_IMPLICIT_RETAIN_SELF = YES;
				CLANG_WARN_OBJC_LITERAL_CONVERSION = YES;
				CLANG_WARN_OBJC_ROOT_CLASS = YES_ERROR;
				CLANG_WARN_RANGE_LOOP_ANALYSIS = YES;
				CLANG_WARN_STRICT_PROTOTYPES = YES;
				CLANG_WARN_SUSPICIOUS_MOVE = YES;
				CLANG_WARN_UNGUARDED_AVAILABILITY = YES_AGGRESSIVE;
				CLANG_WARN_UNREACHABLE_CODE = YES;
				CLANG_WARN__DUPLICATE_METHOD_MATCH = YES;
				COPY_PHASE_STRIP = NO;
				DEBUG_INFORMATION_FORMAT = "dwarf-with-dsym";
				ENABLE_NS_ASSERTIONS = NO;
				ENABLE_STRICT_OBJC_MSGSEND = YES;
				GCC_C_LANGUAGE_STANDARD = gnu11;
				GCC_NO_COMMON_BLOCKS = YES;
				GCC_WARN_64_TO_32_BIT_CONVERSION = YES;
				GCC_WARN_ABOUT_RETURN_TYPE = YES_ERROR;
				GCC_WARN_UNDECLARED_SELECTOR = YES;
				GCC_WARN_UNINITIALIZED_AUTOS = YES_AGGRESSIVE;
				GCC_WARN_UNUSED_FUNCTION = YES;
				GCC_WARN_UNUSED_VARIABLE = YES;
				IPHONEOS_DEPLOYMENT_TARGET = 13.2;
				MTL_ENABLE_DEBUG_INFO = NO;
				MTL_FAST_MATH = YES;
				SDKROOT = iphoneos;
				SWIFT_COMPILATION_MODE = wholemodule;
				SWIFT_OPTIMIZATION_LEVEL = "-O";
				VALIDATE_PRODUCT = YES;
			};
			name = Release;
		};
		2825891024436A1E007000EC /* Debug */ = {
			isa = XCBuildConfiguration;
			buildSettings = {
				ASSETCATALOG_COMPILER_APPICON_NAME = AppIcon;
				CODE_SIGN_STYLE = Automatic;
				CURRENT_PROJECT_VERSION = 1;
				DEVELOPMENT_TEAM = 7W2L96JKZK;
				INFOPLIST_FILE = iChat/Plist/Info.plist;
				LD_RUNPATH_SEARCH_PATHS = (
					"$(inherited)",
					"@executable_path/Frameworks",
				);
				MARKETING_VERSION = 1.0.0;
				PRODUCT_BUNDLE_IDENTIFIER = com.ShamilAkhmadullin.iChat;
				PRODUCT_NAME = "$(TARGET_NAME)";
				SWIFT_VERSION = 5.0;
				TARGETED_DEVICE_FAMILY = "1,2";
			};
			name = Debug;
		};
		2825891124436A1E007000EC /* Release */ = {
			isa = XCBuildConfiguration;
			buildSettings = {
				ASSETCATALOG_COMPILER_APPICON_NAME = AppIcon;
				CODE_SIGN_STYLE = Automatic;
				CURRENT_PROJECT_VERSION = 1;
				DEVELOPMENT_TEAM = 7W2L96JKZK;
				INFOPLIST_FILE = iChat/Plist/Info.plist;
				LD_RUNPATH_SEARCH_PATHS = (
					"$(inherited)",
					"@executable_path/Frameworks",
				);
				MARKETING_VERSION = 1.0.0;
				PRODUCT_BUNDLE_IDENTIFIER = com.ShamilAkhmadullin.iChat;
				PRODUCT_NAME = "$(TARGET_NAME)";
				SWIFT_VERSION = 5.0;
				TARGETED_DEVICE_FAMILY = "1,2";
			};
			name = Release;
		};
/* End XCBuildConfiguration section */

/* Begin XCConfigurationList section */
		282588F624436A1D007000EC /* Build configuration list for PBXProject "iChat" */ = {
			isa = XCConfigurationList;
			buildConfigurations = (
				2825890D24436A1E007000EC /* Debug */,
				2825890E24436A1E007000EC /* Release */,
			);
			defaultConfigurationIsVisible = 0;
			defaultConfigurationName = Release;
		};
		2825890F24436A1E007000EC /* Build configuration list for PBXNativeTarget "iChat" */ = {
			isa = XCConfigurationList;
			buildConfigurations = (
				2825891024436A1E007000EC /* Debug */,
				2825891124436A1E007000EC /* Release */,
			);
			defaultConfigurationIsVisible = 0;
			defaultConfigurationName = Release;
		};
/* End XCConfigurationList section */
	};
	rootObject = 282588F324436A1D007000EC /* Project object */;
}
